{
  "name": "gdg",
  "version": "1.0.0",
  "lockfileVersion": 1,
  "requires": true,
  "dependencies": {
    "@nuxtjs/dotenv": {
      "version": "1.4.1",
      "resolved": "https://registry.npmjs.org/@nuxtjs/dotenv/-/dotenv-1.4.1.tgz",
      "integrity": "sha512-DpdObsvRwC8d89I9mzz6pBg6e/PEXHazDM57DOI1mmML2ZjHfQ/DvkjlSzUL7T+TnW3b/a4Ks5wQx08DqFBmeQ==",
      "requires": {
        "consola": "^2.10.1",
        "dotenv": "^8.1.0"
      }
    },
    "consola": {
      "version": "2.11.3",
      "resolved": "https://registry.npmjs.org/consola/-/consola-2.11.3.tgz",
      "integrity": "sha512-aoW0YIIAmeftGR8GSpw6CGQluNdkWMWh3yEFjH/hmynTYnMtibXszii3lxCXmk8YxJtI3FAK5aTiquA5VH68Gw=="
    },
    "dotenv": {
      "version": "8.2.0",
      "resolved": "https://registry.npmjs.org/dotenv/-/dotenv-8.2.0.tgz",
      "integrity": "sha512-8sJ78ElpbDJBHNeBzUbUVLsqKdccaa/BXF1uPTw3GrvQTBgrQrtObr2mUrE38vzYd8cEv+m/JBfDLioYcfXoaw=="
    }
  }
}
